
Microsoft Visual Studio Solution File, Format Version 12.00
# Visual Studio Version 17
VisualStudioVersion = 17.1.32407.343
MinimumVisualStudioVersion = 10.0.40219.1
Project("{FAE04EC0-301F-11D3-BF4B-00C04F79EFBC}") = "WebApplication1", "WebApplication1\WebApplication1.csproj", "{DC6CAC35-023C-467D-AE3C-71DA213F46C9}"
EndProject
Project("{FAE04EC0-301F-11D3-BF4B-00C04F79EFBC}") = "ClassLibrary1", "ClassLibrary1\ClassLibrary1.csproj", "{AC85E36F-F068-4BEE-9467-DF25B1A28CCF}"
EndProject
Project("{FAE04EC0-301F-11D3-BF4B-00C04F79EFBC}") = "ClassLibrary2", "ClassLibrary2\ClassLibrary2.csproj", "{04CFC91A-13BA-4CE4-A53B-D1E32C7C1267}"
EndProject
Global
	GlobalSection(SolutionConfigurationPlatforms) = preSolution
		Debug|Any CPU = Debug|Any CPU
		Release|Any CPU = Release|Any CPU
	EndGlobalSection
	GlobalSection(ProjectConfigurationPlatforms) = postSolution
		{DC6CAC35-023C-467D-AE3C-71DA213F46C9}.Debug|Any CPU.ActiveCfg = Debug|Any CPU
		{DC6CAC35-023C-467D-AE3C-71DA213F46C9}.Debug|Any CPU.Build.0 = Debug|Any CPU
		{DC6CAC35-023C-467D-AE3C-71DA213F46C9}.Release|Any CPU.ActiveCfg = Release|Any CPU
		{DC6CAC35-023C-467D-AE3C-71DA213F46C9}.Release|Any CPU.Build.0 = Release|Any CPU
		{AC85E36F-F068-4BEE-9467-DF25B1A28CCF}.Debug|Any CPU.ActiveCfg = Debug|Any CPU
		{AC85E36F-F068-4BEE-9467-DF25B1A28CCF}.Debug|Any CPU.Build.0 = Debug|Any CPU
		{AC85E36F-F068-4BEE-9467-DF25B1A28CCF}.Release|Any CPU.ActiveCfg = Release|Any CPU
		{AC85E36F-F068-4BEE-9467-DF25B1A28CCF}.Release|Any CPU.Build.0 = Release|Any CPU
		{04CFC91A-13BA-4CE4-A53B-D1E32C7C1267}.Debug|Any CPU.ActiveCfg = Debug|Any CPU
		{04CFC91A-13BA-4CE4-A53B-D1E32C7C1267}.Debug|Any CPU.Build.0 = Debug|Any CPU
		{04CFC91A-13BA-4CE4-A53B-D1E32C7C1267}.Release|Any CPU.ActiveCfg = Release|Any CPU
		{04CFC91A-13BA-4CE4-A53B-D1E32C7C1267}.Release|Any CPU.Build.0 = Release|Any CPU
	EndGlobalSection
	GlobalSection(SolutionProperties) = preSolution
		HideSolutionNode = FALSE
	EndGlobalSection
	GlobalSection(ExtensibilityGlobals) = postSolution
		SolutionGuid = {FE7E7011-6170-4B1A-91E2-153B7A63ED53}
	EndGlobalSection
EndGlobal
